
Microsoft Visual Studio Solution File, Format Version 12.00
# Visual Studio Version 16
VisualStudioVersion = 16.0.29613.14
MinimumVisualStudioVersion = 10.0.40219.1
Project("{FAE04EC0-301F-11D3-BF4B-00C04F79EFBC}") = "Agencja-Interaktywna", "Agencja-Interaktywna\Agencja-Interaktywna.csproj", "{513CFD1D-54B9-4C00-A3F0-5F31FD90A17A}"
EndProject
Global
	GlobalSection(SolutionConfigurationPlatforms) = preSolution
		Debug|Any CPU = Debug|Any CPU
		Release|Any CPU = Release|Any CPU
	EndGlobalSection
	GlobalSection(ProjectConfigurationPlatforms) = postSolution
		{513CFD1D-54B9-4C00-A3F0-5F31FD90A17A}.Debug|Any CPU.ActiveCfg = Debug|Any CPU
		{513CFD1D-54B9-4C00-A3F0-5F31FD90A17A}.Debug|Any CPU.Build.0 = Debug|Any CPU
		{513CFD1D-54B9-4C00-A3F0-5F31FD90A17A}.Release|Any CPU.ActiveCfg = Release|Any CPU
		{513CFD1D-54B9-4C00-A3F0-5F31FD90A17A}.Release|Any CPU.Build.0 = Release|Any CPU
	EndGlobalSection
	GlobalSection(SolutionProperties) = preSolution
		HideSolutionNode = FALSE
	EndGlobalSection
	GlobalSection(ExtensibilityGlobals) = postSolution
		SolutionGuid = {56AB33A1-4617-4550-B2D1-D5CE7F1153C8}
	EndGlobalSection
EndGlobal
